
Microsoft Visual Studio Solution File, Format Version 12.00
# Visual Studio Version 17
VisualStudioVersion = 17.14.36623.8
MinimumVisualStudioVersion = 10.0.40219.1
Project("{FAE04EC0-301F-11D3-BF4B-00C04F79EFBC}") = "kaffeins executor 0.0.1", "kaffeins executor 0.0.1\kaffeins executor 0.0.1.csproj", "{EF010387-DCE2-4C10-B5AA-2555DA20B9C5}"
EndProject
Global
	GlobalSection(SolutionConfigurationPlatforms) = preSolution
		Debug|Any CPU = Debug|Any CPU
		Debug|x64 = Debug|x64
		Release|Any CPU = Release|Any CPU
		Release|x64 = Release|x64
	EndGlobalSection
	GlobalSection(ProjectConfigurationPlatforms) = postSolution
		{EF010387-DCE2-4C10-B5AA-2555DA20B9C5}.Debug|Any CPU.ActiveCfg = Debug|Any CPU
		{EF010387-DCE2-4C10-B5AA-2555DA20B9C5}.Debug|Any CPU.Build.0 = Debug|Any CPU
		{EF010387-DCE2-4C10-B5AA-2555DA20B9C5}.Debug|x64.ActiveCfg = Debug|x64
		{EF010387-DCE2-4C10-B5AA-2555DA20B9C5}.Debug|x64.Build.0 = Debug|x64
		{EF010387-DCE2-4C10-B5AA-2555DA20B9C5}.Release|Any CPU.ActiveCfg = Release|Any CPU
		{EF010387-DCE2-4C10-B5AA-2555DA20B9C5}.Release|Any CPU.Build.0 = Release|Any CPU
		{EF010387-DCE2-4C10-B5AA-2555DA20B9C5}.Release|x64.ActiveCfg = Release|x64
		{EF010387-DCE2-4C10-B5AA-2555DA20B9C5}.Release|x64.Build.0 = Release|x64
	EndGlobalSection
	GlobalSection(SolutionProperties) = preSolution
		HideSolutionNode = FALSE
	EndGlobalSection
	GlobalSection(ExtensibilityGlobals) = postSolution
		SolutionGuid = {47E14F34-A035-47DB-AEA5-9B08B80EB1C6}
	EndGlobalSection
EndGlobal
